[[package]]
name = "appnope"
version = "0.1.3"
description = "Disable App Nap on macOS >= 10.9"
category = "dev"
optional = false
python-versions = "*"

[[package]]
name = "art"
version = "5.7"
description = "ASCII Art Library For Python"
category = "main"
optional = false
python-versions = ">=2.7"

[package.extras]
dev = ["coverage (>=4.1)", "codecov (>=2.0.15)", "vulture (>=1.0)", "bandit (>=1.5.1)", "pydocstyle (>=3.0.0)"]

[[package]]
name = "asttokens"
version = "2.0.8"
description = "Annotate AST trees with source code positions"
category = "dev"
optional = false
python-versions = "*"

[package.dependencies]
six = "*"

[package.extras]
test = ["astroid (<=2.5.3)", "pytest"]

[[package]]
name = "backcall"
version = "0.2.0"
description = "Specifications for callback functions passed in to an API"
category = "dev"
optional = false
python-versions = "*"

[[package]]
name = "black"
version = "21.12b0"
description = "The uncompromising code formatter."
category = "dev"
optional = false
python-versions = ">=3.6.2"

[package.dependencies]
click = ">=7.1.2"
mypy-extensions = ">=0.4.3"
pathspec = ">=0.9.0,<1"
platformdirs = ">=2"
tomli = ">=0.2.6,<2.0.0"
typing-extensions = [
    {version = ">=3.10.0.0", markers = "python_version < \"3.10\""},
    {version = "!=3.10.0.1", markers = "python_version >= \"3.10\""},
]

[package.extras]
colorama = ["colorama (>=0.4.3)"]
d = ["aiohttp (>=3.7.4)"]
jupyter = ["ipython (>=7.8.0)", "tokenize-rt (>=3.2.0)"]
python2 = ["typed-ast (>=1.4.3)"]
uvloop = ["uvloop (>=0.15.2)"]

[[package]]
name = "certifi"
version = "2022.6.15.1"
description = "Python package for providing Mozilla's CA Bundle."
category = "main"
optional = false
python-versions = ">=3.6"

[[package]]
name = "cffi"
version = "1.15.1"
description = "Foreign Function Interface for Python calling C code."
category = "dev"
optional = false
python-versions = "*"

[package.dependencies]
pycparser = "*"

[[package]]
name = "charset-normalizer"
version = "2.1.1"
description = "The Real First Universal Charset Detector. Open, modern and actively maintained alternative to Chardet."
category = "main"
optional = false
python-versions = ">=3.6.0"

[package.extras]
unicode_backport = ["unicodedata2"]

[[package]]
name = "click"
version = "7.1.2"
description = "Composable command line interface toolkit"
category = "main"
optional = false
python-versions = ">=2.7, !=3.0.*, !=3.1.*, !=3.2.*, !=3.3.*, !=3.4.*"

[[package]]
name = "cloudpickle"
version = "2.2.0"
description = "Extended pickling support for Python objects"
category = "main"
optional = false
python-versions = ">=3.6"

[[package]]
name = "colorama"
version = "0.4.5"
description = "Cross-platform colored terminal text."
category = "main"
optional = false
python-versions = ">=2.7, !=3.0.*, !=3.1.*, !=3.2.*, !=3.3.*, !=3.4.*"

[[package]]
name = "dask"
version = "2022.9.0"
description = "Parallel PyData with Task Scheduling"
category = "main"
optional = false
python-versions = ">=3.8"

[package.dependencies]
cloudpickle = ">=1.1.1"
distributed = {version = "2022.9.0", optional = true, markers = "extra == \"distributed\""}
fsspec = ">=0.6.0"
numpy = {version = ">=1.18", optional = true, markers = "extra == \"dataframe\""}
packaging = ">=20.0"
pandas = {version = ">=1.0", optional = true, markers = "extra == \"dataframe\""}
partd = ">=0.3.10"
pyyaml = ">=5.3.1"
toolz = ">=0.8.2"

[package.extras]
array = ["numpy (>=1.18)"]
complete = ["bokeh (>=2.4.2)", "distributed (==2022.9.0)", "jinja2", "numpy (>=1.18)", "pandas (>=1.0)"]
dataframe = ["numpy (>=1.18)", "pandas (>=1.0)"]
diagnostics = ["bokeh (>=2.4.2)", "jinja2"]
distributed = ["distributed (==2022.9.0)"]
test = ["pandas", "pytest", "pytest-rerunfailures", "pytest-xdist", "pre-commit"]

[[package]]
name = "debugpy"
version = "1.6.3"
description = "An implementation of the Debug Adapter Protocol for Python"
category = "dev"
optional = false
python-versions = ">=3.7"

[[package]]
name = "decorator"
version = "5.1.1"
description = "Decorators for Humans"
category = "dev"
optional = false
python-versions = ">=3.5"

[[package]]
name = "distributed"
version = "2022.9.0"
description = "Distributed scheduler for Dask"
category = "main"
optional = false
python-versions = ">=3.8"

[package.dependencies]
click = ">=6.6"
cloudpickle = ">=1.5.0"
dask = "2022.9.0"
jinja2 = "*"
locket = ">=1.0.0"
msgpack = ">=0.6.0"
packaging = ">=20.0"
psutil = ">=5.0"
pyyaml = "*"
sortedcontainers = "<2.0.0 || >2.0.0,<2.0.1 || >2.0.1"
tblib = ">=1.6.0"
toolz = ">=0.8.2"
tornado = ">=6.0.3,<6.2"
urllib3 = "*"
zict = ">=0.1.3"

[[package]]
name = "entrypoints"
version = "0.4"
description = "Discover and load entry points from installed packages."
category = "dev"
optional = false
python-versions = ">=3.6"

[[package]]
name = "executing"
version = "1.0.0"
description = "Get the currently executing AST node of a frame, and other information"
category = "dev"
optional = false
python-versions = "*"

[[package]]
name = "flake8"
version = "3.9.2"
description = "the modular source code checker: pep8 pyflakes and co"
category = "dev"
optional = false
python-versions = "!=3.0.*,!=3.1.*,!=3.2.*,!=3.3.*,!=3.4.*,>=2.7"

[package.dependencies]
mccabe = ">=0.6.0,<0.7.0"
pycodestyle = ">=2.7.0,<2.8.0"
pyflakes = ">=2.3.0,<2.4.0"

[[package]]
name = "fsspec"
version = "2022.8.2"
description = "File-system specification"
category = "main"
optional = false
python-versions = ">=3.7"

[package.extras]
abfs = ["adlfs"]
adl = ["adlfs"]
arrow = ["pyarrow (>=1)"]
dask = ["dask", "distributed"]
dropbox = ["dropboxdrivefs", "requests", "dropbox"]
entrypoints = ["importlib-metadata"]
fuse = ["fusepy"]
gcs = ["gcsfs"]
git = ["pygit2"]
github = ["requests"]
gs = ["gcsfs"]
gui = ["panel"]
hdfs = ["pyarrow (>=1)"]
http = ["requests", "aiohttp (!=4.0.0a0,!=4.0.0a1)"]
libarchive = ["libarchive-c"]
oci = ["ocifs"]
s3 = ["s3fs"]
sftp = ["paramiko"]
smb = ["smbprotocol"]
ssh = ["paramiko"]
tqdm = ["tqdm"]

[[package]]
name = "heapdict"
version = "1.0.1"
description = "a heap with decrease-key and increase-key operations"
category = "main"
optional = false
python-versions = "*"

[[package]]
name = "idna"
version = "3.3"
description = "Internationalized Domain Names in Applications (IDNA)"
category = "main"
optional = false
python-versions = ">=3.5"

[[package]]
name = "ipykernel"
version = "6.15.2"
description = "IPython Kernel for Jupyter"
category = "dev"
optional = false
python-versions = ">=3.7"

[package.dependencies]
appnope = {version = "*", markers = "platform_system == \"Darwin\""}
debugpy = ">=1.0"
ipython = ">=7.23.1"
jupyter-client = ">=6.1.12"
matplotlib-inline = ">=0.1"
nest-asyncio = "*"
packaging = "*"
psutil = "*"
pyzmq = ">=17"
tornado = ">=6.1"
traitlets = ">=5.1.0"

[package.extras]
test = ["flaky", "ipyparallel", "pre-commit", "pytest-cov", "pytest-timeout", "pytest (>=6.0)"]

[[package]]
name = "ipython"
version = "8.5.0"
description = "IPython: Productive Interactive Computing"
category = "dev"
optional = false
python-versions = ">=3.8"

[package.dependencies]
appnope = {version = "*", markers = "sys_platform == \"darwin\""}
backcall = "*"
colorama = {version = "*", markers = "sys_platform == \"win32\""}
decorator = "*"
jedi = ">=0.16"
matplotlib-inline = "*"
pexpect = {version = ">4.3", markers = "sys_platform != \"win32\""}
pickleshare = "*"
prompt-toolkit = ">3.0.1,<3.1.0"
pygments = ">=2.4.0"
stack-data = "*"
traitlets = ">=5"

[package.extras]
all = ["black", "Sphinx (>=1.3)", "ipykernel", "nbconvert", "nbformat", "ipywidgets", "notebook", "ipyparallel", "qtconsole", "pytest (<7.1)", "pytest-asyncio", "testpath", "curio", "matplotlib (!=3.2.0)", "numpy (>=1.19)", "pandas", "trio"]
black = ["black"]
doc = ["Sphinx (>=1.3)"]
kernel = ["ipykernel"]
nbconvert = ["nbconvert"]
nbformat = ["nbformat"]
notebook = ["ipywidgets", "notebook"]
parallel = ["ipyparallel"]
qtconsole = ["qtconsole"]
test = ["pytest (<7.1)", "pytest-asyncio", "testpath"]
test_extra = ["pytest (<7.1)", "pytest-asyncio", "testpath", "curio", "matplotlib (!=3.2.0)", "nbformat", "numpy (>=1.19)", "pandas", "trio"]

[[package]]
name = "jedi"
version = "0.18.1"
description = "An autocompletion tool for Python that can be used for text editors."
category = "dev"
optional = false
python-versions = ">=3.6"

[package.dependencies]
parso = ">=0.8.0,<0.9.0"

[package.extras]
qa = ["flake8 (==3.8.3)", "mypy (==0.782)"]
testing = ["Django (<3.1)", "colorama", "docopt", "pytest (<7.0.0)"]

[[package]]
name = "jinja2"
version = "3.1.2"
description = "A very fast and expressive template engine."
category = "main"
optional = false
python-versions = ">=3.7"

[package.dependencies]
MarkupSafe = ">=2.0"

[package.extras]
i18n = ["Babel (>=2.7)"]

[[package]]
name = "jupyter-client"
version = "7.3.4"
description = "Jupyter protocol implementation and client libraries"
category = "dev"
optional = false
python-versions = ">=3.7"

[package.dependencies]
entrypoints = "*"
jupyter-core = ">=4.9.2"
nest-asyncio = ">=1.5.4"
python-dateutil = ">=2.8.2"
pyzmq = ">=23.0"
tornado = ">=6.0"
traitlets = "*"

[package.extras]
doc = ["ipykernel", "myst-parser", "sphinx-rtd-theme", "sphinx (>=1.3.6)", "sphinxcontrib-github-alt"]
test = ["codecov", "coverage", "ipykernel (>=6.5)", "ipython", "mypy", "pre-commit", "pytest", "pytest-asyncio (>=0.18)", "pytest-cov", "pytest-timeout"]

[[package]]
name = "jupyter-core"
version = "4.11.1"
description = "Jupyter core package. A base package on which Jupyter projects rely."
category = "dev"
optional = false
python-versions = ">=3.7"

[package.dependencies]
pywin32 = {version = ">=1.0", markers = "sys_platform == \"win32\" and platform_python_implementation != \"PyPy\""}
traitlets = "*"

[package.extras]
test = ["ipykernel", "pre-commit", "pytest", "pytest-cov", "pytest-timeout"]

[[package]]
name = "locket"
version = "1.0.0"
description = "File-based locks for Python on Linux and Windows"
category = "main"
optional = false
python-versions = ">=2.7, !=3.0.*, !=3.1.*, !=3.2.*, !=3.3.*"

[[package]]
name = "markupsafe"
version = "2.1.1"
description = "Safely add untrusted strings to HTML/XML markup."
category = "main"
optional = false
python-versions = ">=3.7"

[[package]]
name = "matplotlib-inline"
version = "0.1.6"
description = "Inline Matplotlib backend for Jupyter"
category = "dev"
optional = false
python-versions = ">=3.5"

[package.dependencies]
traitlets = "*"

[[package]]
name = "mccabe"
version = "0.6.1"
description = "McCabe checker, plugin for flake8"
category = "dev"
optional = false
python-versions = "*"

[[package]]
name = "meilisearch"
version = "0.19.1"
description = "The python client for Meilisearch API."
category = "main"
optional = false
python-versions = ">=3"

[package.dependencies]
requests = "*"

[[package]]
name = "msgpack"
version = "1.0.4"
description = "MessagePack serializer"
category = "main"
optional = false
python-versions = "*"

[[package]]
name = "mypy-extensions"
version = "0.4.3"
description = "Experimental type system extensions for programs checked with the mypy typechecker."
category = "dev"
optional = false
python-versions = "*"

[[package]]
name = "nest-asyncio"
version = "1.5.5"
description = "Patch asyncio to allow nested event loops"
category = "dev"
optional = false
python-versions = ">=3.5"

[[package]]
name = "numpy"
version = "1.23.3"
description = "NumPy is the fundamental package for array computing with Python."
category = "main"
optional = false
python-versions = ">=3.8"

[[package]]
name = "packaging"
version = "21.3"
description = "Core utilities for Python packages"
category = "main"
optional = false
python-versions = ">=3.6"

[package.dependencies]
pyparsing = ">=2.0.2,<3.0.5 || >3.0.5"

[[package]]
name = "pandas"
version = "1.4.4"
description = "Powerful data structures for data analysis, time series, and statistics"
category = "main"
optional = false
python-versions = ">=3.8"

[package.dependencies]
numpy = [
    {version = ">=1.18.5", markers = "platform_machine != \"aarch64\" and platform_machine != \"arm64\" and python_version < \"3.10\""},
    {version = ">=1.19.2", markers = "platform_machine == \"aarch64\" and python_version < \"3.10\""},
    {version = ">=1.20.0", markers = "platform_machine == \"arm64\" and python_version < \"3.10\""},
    {version = ">=1.21.0", markers = "python_version >= \"3.10\""},
]
python-dateutil = ">=2.8.1"
pytz = ">=2020.1"

[package.extras]
test = ["hypothesis (>=5.5.3)", "pytest (>=6.0)", "pytest-xdist (>=1.31)"]

[[package]]
name = "parso"
version = "0.8.3"
description = "A Python Parser"
category = "dev"
optional = false
python-versions = ">=3.6"

[package.extras]
qa = ["flake8 (==3.8.3)", "mypy (==0.782)"]
testing = ["docopt", "pytest (<6.0.0)"]

[[package]]
name = "partd"
version = "1.3.0"
description = "Appendable key-value storage"
category = "main"
optional = false
python-versions = ">=3.7"

[package.dependencies]
locket = "*"
toolz = "*"

[package.extras]
complete = ["blosc", "pyzmq", "pandas (>=0.19.0)", "numpy (>=1.9.0)"]

[[package]]
name = "pathspec"
version = "0.10.1"
description = "Utility library for gitignore style pattern matching of file paths."
category = "dev"
optional = false
python-versions = ">=3.7"

[[package]]
name = "pexpect"
version = "4.8.0"
description = "Pexpect allows easy control of interactive console applications."
category = "dev"
optional = false
python-versions = "*"

[package.dependencies]
ptyprocess = ">=0.5"

[[package]]
name = "pickleshare"
version = "0.7.5"
description = "Tiny 'shelve'-like database with concurrency support"
category = "dev"
optional = false
python-versions = "*"

[[package]]
name = "platformdirs"
version = "2.5.2"
description = "A small Python module for determining appropriate platform-specific dirs, e.g. a \"user data dir\"."
category = "dev"
optional = false
python-versions = ">=3.7"

[package.extras]
docs = ["furo (>=2021.7.5b38)", "proselint (>=0.10.2)", "sphinx-autodoc-typehints (>=1.12)", "sphinx (>=4)"]
test = ["appdirs (==1.4.4)", "pytest-cov (>=2.7)", "pytest-mock (>=3.6)", "pytest (>=6)"]

[[package]]
name = "prompt-toolkit"
version = "3.0.31"
description = "Library for building powerful interactive command lines in Python"
category = "dev"
optional = false
python-versions = ">=3.6.2"

[package.dependencies]
wcwidth = "*"

[[package]]
name = "psutil"
version = "5.9.2"
description = "Cross-platform lib for process and system monitoring in Python."
category = "main"
optional = false
python-versions = ">=2.7, !=3.0.*, !=3.1.*, !=3.2.*, !=3.3.*"

[package.extras]
test = ["ipaddress", "mock", "enum34", "pywin32", "wmi"]

[[package]]
name = "ptyprocess"
version = "0.7.0"
description = "Run a subprocess in a pseudo terminal"
category = "dev"
optional = false
python-versions = "*"

[[package]]
name = "pure-eval"
version = "0.2.2"
description = "Safely evaluate AST nodes without side effects"
category = "dev"
optional = false
python-versions = "*"

[package.extras]
tests = ["pytest"]

[[package]]
name = "py"
version = "1.11.0"
description = "library with cross-python path, ini-parsing, io, code, log facilities"
category = "dev"
optional = false
python-versions = ">=2.7, !=3.0.*, !=3.1.*, !=3.2.*, !=3.3.*, !=3.4.*"

[[package]]
name = "pycodestyle"
version = "2.7.0"
description = "Python style guide checker"
category = "dev"
optional = false
python-versions = ">=2.7, !=3.0.*, !=3.1.*, !=3.2.*, !=3.3.*"

[[package]]
name = "pycparser"
version = "2.21"
description = "C parser in Python"
category = "dev"
optional = false
python-versions = ">=2.7, !=3.0.*, !=3.1.*, !=3.2.*, !=3.3.*"

[[package]]
name = "pyflakes"
version = "2.3.1"
description = "passive checker of Python programs"
category = "dev"
optional = false
python-versions = ">=2.7, !=3.0.*, !=3.1.*, !=3.2.*, !=3.3.*"

[[package]]
name = "pygments"
version = "2.13.0"
description = "Pygments is a syntax highlighting package written in Python."
category = "dev"
optional = false
python-versions = ">=3.6"

[package.extras]
plugins = ["importlib-metadata"]

[[package]]
name = "pyparsing"
version = "3.0.9"
description = "pyparsing module - Classes and methods to define and execute parsing grammars"
category = "main"
optional = false
python-versions = ">=3.6.8"

[package.extras]
diagrams = ["railroad-diagrams", "jinja2"]

[[package]]
name = "python-dateutil"
version = "2.8.2"
description = "Extensions to the standard Python datetime module"
category = "main"
optional = false
python-versions = "!=3.0.*,!=3.1.*,!=3.2.*,>=2.7"

[package.dependencies]
six = ">=1.5"

[[package]]
name = "pytz"
version = "2022.2.1"
description = "World timezone definitions, modern and historical"
category = "main"
optional = false
python-versions = "*"

[[package]]
name = "pywin32"
version = "304"
description = "Python for Window Extensions"
category = "dev"
optional = false
python-versions = "*"

[[package]]
name = "pyyaml"
version = "6.0"
description = "YAML parser and emitter for Python"
category = "main"
optional = false
python-versions = ">=3.6"

[[package]]
name = "pyzmq"
version = "23.2.1"
description = "Python bindings for 0MQ"
category = "dev"
optional = false
python-versions = ">=3.6"

[package.dependencies]
cffi = {version = "*", markers = "implementation_name == \"pypy\""}
py = {version = "*", markers = "implementation_name == \"pypy\""}

[[package]]
name = "requests"
version = "2.28.1"
description = "Python HTTP for Humans."
category = "main"
optional = false
python-versions = ">=3.7, <4"

[package.dependencies]
certifi = ">=2017.4.17"
charset-normalizer = ">=2,<3"
idna = ">=2.5,<4"
urllib3 = ">=1.21.1,<1.27"

[package.extras]
socks = ["PySocks (>=1.5.6,!=1.5.7)"]
use_chardet_on_py3 = ["chardet (>=3.0.2,<6)"]

[[package]]
name = "six"
version = "1.16.0"
description = "Python 2 and 3 compatibility utilities"
category = "main"
optional = false
python-versions = ">=2.7, !=3.0.*, !=3.1.*, !=3.2.*"

[[package]]
name = "sortedcontainers"
version = "2.4.0"
description = "Sorted Containers -- Sorted List, Sorted Dict, Sorted Set"
category = "main"
optional = false
python-versions = "*"

[[package]]
name = "stack-data"
version = "0.5.0"
description = "Extract data from python stack frames and tracebacks for informative displays"
category = "dev"
optional = false
python-versions = "*"

[package.dependencies]
asttokens = "*"
executing = "*"
pure-eval = "*"

[package.extras]
tests = ["cython", "littleutils", "pygments", "typeguard", "pytest"]

[[package]]
name = "tblib"
version = "1.7.0"
description = "Traceback serialization library."
category = "main"
optional = false
python-versions = ">=2.7, !=3.0.*, !=3.1.*, !=3.2.*, !=3.3.*, !=3.4.*"

[[package]]
name = "tenacity"
version = "8.0.1"
description = "Retry code until it succeeds"
category = "main"
optional = false
python-versions = ">=3.6"

[package.extras]
doc = ["reno", "sphinx", "tornado (>=4.5)"]

[[package]]
name = "tomli"
version = "1.2.3"
description = "A lil' TOML parser"
category = "dev"
optional = false
python-versions = ">=3.6"

[[package]]
name = "toolz"
version = "0.12.0"
description = "List processing tools and functional utilities"
category = "main"
optional = false
python-versions = ">=3.5"

[[package]]
name = "tornado"
version = "6.1"
description = "Tornado is a Python web framework and asynchronous networking library, originally developed at FriendFeed."
category = "main"
optional = false
python-versions = ">= 3.5"

[[package]]
name = "tqdm"
version = "4.64.1"
description = "Fast, Extensible Progress Meter"
category = "main"
optional = false
python-versions = "!=3.0.*,!=3.1.*,!=3.2.*,!=3.3.*,>=2.7"

[package.dependencies]
colorama = {version = "*", markers = "platform_system == \"Windows\""}

[package.extras]
dev = ["py-make (>=0.1.0)", "twine", "wheel"]
notebook = ["ipywidgets (>=6)"]
slack = ["slack-sdk"]
telegram = ["requests"]

[[package]]
name = "traitlets"
version = "5.4.0"
description = ""
category = "dev"
optional = false
python-versions = ">=3.7"

[package.extras]
test = ["pre-commit", "pytest"]

[[package]]
name = "typer"
version = "0.3.2"
description = "Typer, build great CLIs. Easy to code. Based on Python type hints."
category = "main"
optional = false
python-versions = ">=3.6"

[package.dependencies]
click = ">=7.1.1,<7.2.0"

[package.extras]
test = ["pytest-xdist (>=1.32.0,<2.0.0)", "pytest-sugar (>=0.9.4,<0.10.0)", "mypy (==0.782)", "black (>=19.10b0,<20.0b0)", "isort (>=5.0.6,<6.0.0)", "shellingham (>=1.3.0,<2.0.0)", "pytest (>=4.4.0,<5.4.0)", "pytest-cov (>=2.10.0,<3.0.0)", "coverage (>=5.2,<6.0)"]
all = ["colorama (>=0.4.3,<0.5.0)", "shellingham (>=1.3.0,<2.0.0)"]
dev = ["autoflake (>=1.3.1,<2.0.0)", "flake8 (>=3.8.3,<4.0.0)"]
doc = ["mkdocs (>=1.1.2,<2.0.0)", "mkdocs-material (>=5.4.0,<6.0.0)", "markdown-include (>=0.5.1,<0.6.0)"]

[[package]]
name = "typing-extensions"
version = "4.3.0"
description = "Backported and Experimental Type Hints for Python 3.7+"
category = "dev"
optional = false
python-versions = ">=3.7"

[[package]]
name = "urllib3"
version = "1.26.12"
description = "HTTP library with thread-safe connection pooling, file post, and more."
category = "main"
optional = false
python-versions = ">=2.7, !=3.0.*, !=3.1.*, !=3.2.*, !=3.3.*, !=3.4.*, !=3.5.*, <4"

[package.extras]
brotli = ["brotlicffi (>=0.8.0)", "brotli (>=1.0.9)", "brotlipy (>=0.6.0)"]
secure = ["pyOpenSSL (>=0.14)", "cryptography (>=1.3.4)", "idna (>=2.0.0)", "certifi", "urllib3-secure-extra", "ipaddress"]
socks = ["PySocks (>=1.5.6,!=1.5.7,<2.0)"]

[[package]]
name = "wcwidth"
version = "0.2.5"
description = "Measures the displayed width of unicode strings in a terminal"
category = "dev"
optional = false
python-versions = "*"

[[package]]
name = "zict"
version = "2.2.0"
description = "Mutable mapping tools"
category = "main"
optional = false
python-versions = ">=3.7"

[package.dependencies]
heapdict = "*"

[metadata]
lock-version = "1.1"
python-versions = "^3.8"
content-hash = "0ef18451a67dbcde3df86a12e6e33c5ff0f214e650ae0c992e0ceb4f34bb245f"

[metadata.files]
appnope = []
art = []
asttokens = []
backcall = []
black = []
certifi = []
cffi = []
charset-normalizer = []
click = [
    {file = "click-7.1.2-py2.py3-none-any.whl", hash = "sha256:dacca89f4bfadd5de3d7489b7c8a566eee0d3676333fbb50030263894c38c0dc"},
    {file = "click-7.1.2.tar.gz", hash = "sha256:d2b5255c7c6349bc1bd1e59e08cd12acbbd63ce649f2588755783aa94dfb6b1a"},
]
cloudpickle = []
colorama = []
dask = []
debugpy = []
decorator = []
distributed = []
entrypoints = []
executing = []
flake8 = [
    {file = "flake8-3.9.2-py2.py3-none-any.whl", hash = "sha256:bf8fd333346d844f616e8d47905ef3a3384edae6b4e9beb0c5101e25e3110907"},
    {file = "flake8-3.9.2.tar.gz", hash = "sha256:07528381786f2a6237b061f6e96610a4167b226cb926e2aa2b6b1d78057c576b"},
]
fsspec = []
heapdict = [
    {file = "HeapDict-1.0.1-py3-none-any.whl", hash = "sha256:6065f90933ab1bb7e50db403b90cab653c853690c5992e69294c2de2b253fc92"},
    {file = "HeapDict-1.0.1.tar.gz", hash = "sha256:8495f57b3e03d8e46d5f1b2cc62ca881aca392fd5cc048dc0aa2e1a6d23ecdb6"},
]
idna = [
    {file = "idna-3.3-py3-none-any.whl", hash = "sha256:84d9dd047ffa80596e0f246e2eab0b391788b0503584e8945f2368256d2735ff"},
    {file = "idna-3.3.tar.gz", hash = "sha256:9d643ff0a55b762d5cdb124b8eaa99c66322e2157b69160bc32796e824360e6d"},
]
ipykernel = []
ipython = []
jedi = []
jinja2 = []
jupyter-client = []
jupyter-core = []
locket = [
    {file = "locket-1.0.0-py2.py3-none-any.whl", hash = "sha256:b6c819a722f7b6bd955b80781788e4a66a55628b858d347536b7e81325a3a5e3"},
    {file = "locket-1.0.0.tar.gz", hash = "sha256:5c0d4c052a8bbbf750e056a8e65ccd309086f4f0f18a2eac306a8dfa4112a632"},
]
markupsafe = [
    {file = "MarkupSafe-2.1.1-cp310-cp310-macosx_10_9_universal2.whl", hash = "sha256:86b1f75c4e7c2ac2ccdaec2b9022845dbb81880ca318bb7a0a01fbf7813e3812"},
    {file = "MarkupSafe-2.1.1-cp310-cp310-macosx_10_9_x86_64.whl", hash = "sha256:f121a1420d4e173a5d96e47e9a0c0dcff965afdf1626d28de1460815f7c4ee7a"},
    {file = "MarkupSafe-2.1.1-cp310-cp310-manylinux_2_17_aarch64.manylinux2014_aarch64.whl", hash = "sha256:a49907dd8420c5685cfa064a1335b6754b74541bbb3706c259c02ed65b644b3e"},
    {file = "MarkupSafe-2.1.1-cp310-cp310-manylinux_2_17_x86_64.manylinux2014_x86_64.whl", hash = "sha256:10c1bfff05d95783da83491be968e8fe789263689c02724e0c691933c52994f5"},
    {file = "MarkupSafe-2.1.1-cp310-cp310-manylinux_2_5_i686.manylinux1_i686.manylinux_2_17_i686.manylinux2014_i686.whl", hash = "sha256:b7bd98b796e2b6553da7225aeb61f447f80a1ca64f41d83612e6139ca5213aa4"},
    {file = "MarkupSafe-2.1.1-cp310-cp310-musllinux_1_1_aarch64.whl", hash = "sha256:b09bf97215625a311f669476f44b8b318b075847b49316d3e28c08e41a7a573f"},
    {file = "MarkupSafe-2.1.1-cp310-cp310-musllinux_1_1_i686.whl", hash = "sha256:694deca8d702d5db21ec83983ce0bb4b26a578e71fbdbd4fdcd387daa90e4d5e"},
    {file = "MarkupSafe-2.1.1-cp310-cp310-musllinux_1_1_x86_64.whl", hash = "sha256:efc1913fd2ca4f334418481c7e595c00aad186563bbc1ec76067848c7ca0a933"},
    {file = "MarkupSafe-2.1.1-cp310-cp310-win32.whl", hash = "sha256:4a33dea2b688b3190ee12bd7cfa29d39c9ed176bda40bfa11099a3ce5d3a7ac6"},
    {file = "MarkupSafe-2.1.1-cp310-cp310-win_amd64.whl", hash = "sha256:dda30ba7e87fbbb7eab1ec9f58678558fd9a6b8b853530e176eabd064da81417"},
    {file = "MarkupSafe-2.1.1-cp37-cp37m-macosx_10_9_x86_64.whl", hash = "sha256:671cd1187ed5e62818414afe79ed29da836dde67166a9fac6d435873c44fdd02"},
    {file = "MarkupSafe-2.1.1-cp37-cp37m-manylinux_2_17_aarch64.manylinux2014_aarch64.whl", hash = "sha256:3799351e2336dc91ea70b034983ee71cf2f9533cdff7c14c90ea126bfd95d65a"},
    {file = "MarkupSafe-2.1.1-cp37-cp37m-manylinux_2_17_x86_64.manylinux2014_x86_64.whl", hash = "sha256:e72591e9ecd94d7feb70c1cbd7be7b3ebea3f548870aa91e2732960fa4d57a37"},
    {file = "MarkupSafe-2.1.1-cp37-cp37m-manylinux_2_5_i686.manylinux1_i686.manylinux_2_17_i686.manylinux2014_i686.whl", hash = "sha256:6fbf47b5d3728c6aea2abb0589b5d30459e369baa772e0f37a0320185e87c980"},
    {file = "MarkupSafe-2.1.1-cp37-cp37m-musllinux_1_1_aarch64.whl", hash = "sha256:d5ee4f386140395a2c818d149221149c54849dfcfcb9f1debfe07a8b8bd63f9a"},
    {file = "MarkupSafe-2.1.1-cp37-cp37m-musllinux_1_1_i686.whl", hash = "sha256:bcb3ed405ed3222f9904899563d6fc492ff75cce56cba05e32eff40e6acbeaa3"},
    {file = "MarkupSafe-2.1.1-cp37-cp37m-musllinux_1_1_x86_64.whl", hash = "sha256:e1c0b87e09fa55a220f058d1d49d3fb8df88fbfab58558f1198e08c1e1de842a"},
    {file = "MarkupSafe-2.1.1-cp37-cp37m-win32.whl", hash = "sha256:8dc1c72a69aa7e082593c4a203dcf94ddb74bb5c8a731e4e1eb68d031e8498ff"},
    {file = "MarkupSafe-2.1.1-cp37-cp37m-win_amd64.whl", hash = "sha256:97a68e6ada378df82bc9f16b800ab77cbf4b2fada0081794318520138c088e4a"},
    {file = "MarkupSafe-2.1.1-cp38-cp38-macosx_10_9_universal2.whl", hash = "sha256:e8c843bbcda3a2f1e3c2ab25913c80a3c5376cd00c6e8c4a86a89a28c8dc5452"},
    {file = "MarkupSafe-2.1.1-cp38-cp38-macosx_10_9_x86_64.whl", hash = "sha256:0212a68688482dc52b2d45013df70d169f542b7394fc744c02a57374a4207003"},
    {file = "MarkupSafe-2.1.1-cp38-cp38-manylinux_2_17_aarch64.manylinux2014_aarch64.whl", hash = "sha256:8e576a51ad59e4bfaac456023a78f6b5e6e7651dcd383bcc3e18d06f9b55d6d1"},
    {file = "MarkupSafe-2.1.1-cp38-cp38-manylinux_2_17_x86_64.manylinux2014_x86_64.whl", hash = "sha256:4b9fe39a2ccc108a4accc2676e77da025ce383c108593d65cc909add5c3bd601"},
    {file = "MarkupSafe-2.1.1-cp38-cp38-manylinux_2_5_i686.manylinux1_i686.manylinux_2_17_i686.manylinux2014_i686.whl", hash = "sha256:96e37a3dc86e80bf81758c152fe66dbf60ed5eca3d26305edf01892257049925"},
    {file = "MarkupSafe-2.1.1-cp38-cp38-musllinux_1_1_aarch64.whl", hash = "sha256:6d0072fea50feec76a4c418096652f2c3238eaa014b2f94aeb1d56a66b41403f"},
    {file = "MarkupSafe-2.1.1-cp38-cp38-musllinux_1_1_i686.whl", hash = "sha256:089cf3dbf0cd6c100f02945abeb18484bd1ee57a079aefd52cffd17fba910b88"},
    {file = "MarkupSafe-2.1.1-cp38-cp38-musllinux_1_1_x86_64.whl", hash = "sha256:6a074d34ee7a5ce3effbc526b7083ec9731bb3cbf921bbe1d3005d4d2bdb3a63"},
    {file = "MarkupSafe-2.1.1-cp38-cp38-win32.whl", hash = "sha256:421be9fbf0ffe9ffd7a378aafebbf6f4602d564d34be190fc19a193232fd12b1"},
    {file = "MarkupSafe-2.1.1-cp38-cp38-win_amd64.whl", hash = "sha256:fc7b548b17d238737688817ab67deebb30e8073c95749d55538ed473130ec0c7"},
    {file = "MarkupSafe-2.1.1-cp39-cp39-macosx_10_9_universal2.whl", hash = "sha256:e04e26803c9c3851c931eac40c695602c6295b8d432cbe78609649ad9bd2da8a"},
    {file = "MarkupSafe-2.1.1-cp39-cp39-macosx_10_9_x86_64.whl", hash = "sha256:b87db4360013327109564f0e591bd2a3b318547bcef31b468a92ee504d07ae4f"},
    {file = "MarkupSafe-2.1.1-cp39-cp39-manylinux_2_17_aarch64.manylinux2014_aarch64.whl", hash = "sha256:99a2a507ed3ac881b975a2976d59f38c19386d128e7a9a18b7df6fff1fd4c1d6"},
    {file = "MarkupSafe-2.1.1-cp39-cp39-manylinux_2_17_x86_64.manylinux2014_x86_64.whl", hash = "sha256:56442863ed2b06d19c37f94d999035e15ee982988920e12a5b4ba29b62ad1f77"},
    {file = "MarkupSafe-2.1.1-cp39-cp39-manylinux_2_5_i686.manylinux1_i686.manylinux_2_17_i686.manylinux2014_i686.whl", hash = "sha256:3ce11ee3f23f79dbd06fb3d63e2f6af7b12db1d46932fe7bd8afa259a5996603"},
    {file = "MarkupSafe-2.1.1-cp39-cp39-musllinux_1_1_aarch64.whl", hash = "sha256:33b74d289bd2f5e527beadcaa3f401e0df0a89927c1559c8566c066fa4248ab7"},
    {file = "MarkupSafe-2.1.1-cp39-cp39-musllinux_1_1_i686.whl", hash = "sha256:43093fb83d8343aac0b1baa75516da6092f58f41200907ef92448ecab8825135"},
    {file = "MarkupSafe-2.1.1-cp39-cp39-musllinux_1_1_x86_64.whl", hash = "sha256:8e3dcf21f367459434c18e71b2a9532d96547aef8a871872a5bd69a715c15f96"},
    {file = "MarkupSafe-2.1.1-cp39-cp39-win32.whl", hash = "sha256:d4306c36ca495956b6d568d276ac11fdd9c30a36f1b6eb928070dc5360b22e1c"},
    {file = "MarkupSafe-2.1.1-cp39-cp39-win_amd64.whl", hash = "sha256:46d00d6cfecdde84d40e572d63735ef81423ad31184100411e6e3388d405e247"},
    {file = "MarkupSafe-2.1.1.tar.gz", hash = "sha256:7f91197cc9e48f989d12e4e6fbc46495c446636dfc81b9ccf50bb0ec74b91d4b"},
]
matplotlib-inline = []
mccabe = [
    {file = "mccabe-0.6.1-py2.py3-none-any.whl", hash = "sha256:ab8a6258860da4b6677da4bd2fe5dc2c659cff31b3ee4f7f5d64e79735b80d42"},
    {file = "mccabe-0.6.1.tar.gz", hash = "sha256:dd8d182285a0fe56bace7f45b5e7d1a6ebcbf524e8f3bd87eb0f125271b8831f"},
]
meilisearch = []
msgpack = []
mypy-extensions = [
    {file = "mypy_extensions-0.4.3-py2.py3-none-any.whl", hash = "sha256:090fedd75945a69ae91ce1303b5824f428daf5a028d2f6ab8a299250a846f15d"},
    {file = "mypy_extensions-0.4.3.tar.gz", hash = "sha256:2d82818f5bb3e369420cb3c4060a7970edba416647068eb4c5343488a6c604a8"},
]
nest-asyncio = []
numpy = []
packaging = [
    {file = "packaging-21.3-py3-none-any.whl", hash = "sha256:ef103e05f519cdc783ae24ea4e2e0f508a9c99b2d4969652eed6a2e1ea5bd522"},
    {file = "packaging-21.3.tar.gz", hash = "sha256:dd47c42927d89ab911e606518907cc2d3a1f38bbd026385970643f9c5b8ecfeb"},
]
pandas = []
parso = []
partd = []
pathspec = []
pexpect = []
pickleshare = []
platformdirs = []
prompt-toolkit = []
psutil = []
ptyprocess = []
pure-eval = []
py = [
    {file = "py-1.11.0-py2.py3-none-any.whl", hash = "sha256:607c53218732647dff4acdfcd50cb62615cedf612e72d1724fb1a0cc6405b378"},
    {file = "py-1.11.0.tar.gz", hash = "sha256:51c75c4126074b472f746a24399ad32f6053d1b34b68d2fa41e558e6f4a98719"},
]
pycodestyle = [
    {file = "pycodestyle-2.7.0-py2.py3-none-any.whl", hash = "sha256:514f76d918fcc0b55c6680472f0a37970994e07bbb80725808c17089be302068"},
    {file = "pycodestyle-2.7.0.tar.gz", hash = "sha256:c389c1d06bf7904078ca03399a4816f974a1d590090fecea0c63ec26ebaf1cef"},
]
pycparser = []
pyflakes = [
    {file = "pyflakes-2.3.1-py2.py3-none-any.whl", hash = "sha256:7893783d01b8a89811dd72d7dfd4d84ff098e5eed95cfa8905b22bbffe52efc3"},
    {file = "pyflakes-2.3.1.tar.gz", hash = "sha256:f5bc8ecabc05bb9d291eb5203d6810b49040f6ff446a756326104746cc00c1db"},
]
pygments = []
pyparsing = []
python-dateutil = []
pytz = []
pywin32 = []
pyyaml = []
pyzmq = []
requests = []
six = [
    {file = "six-1.16.0-py2.py3-none-any.whl", hash = "sha256:8abb2f1d86890a2dfb989f9a77cfcfd3e47c2a354b01111771326f8aa26e0254"},
    {file = "six-1.16.0.tar.gz", hash = "sha256:1e61c37477a1626458e36f7b1d82aa5c9b094fa4802892072e49de9c60c4c926"},
]
sortedcontainers = [
    {file = "sortedcontainers-2.4.0-py2.py3-none-any.whl", hash = "sha256:a163dcaede0f1c021485e957a39245190e74249897e2ae4b2aa38595db237ee0"},
    {file = "sortedcontainers-2.4.0.tar.gz", hash = "sha256:25caa5a06cc30b6b83d11423433f65d1f9d76c4c6a0c90e3379eaa43b9bfdb88"},
]
stack-data = []
tblib = [
    {file = "tblib-1.7.0-py2.py3-none-any.whl", hash = "sha256:289fa7359e580950e7d9743eab36b0691f0310fce64dee7d9c31065b8f723e23"},
    {file = "tblib-1.7.0.tar.gz", hash = "sha256:059bd77306ea7b419d4f76016aef6d7027cc8a0785579b5aad198803435f882c"},
]
tenacity = []
tomli = []
toolz = []
tornado = [
    {file = "tornado-6.1-cp35-cp35m-macosx_10_9_x86_64.whl", hash = "sha256:d371e811d6b156d82aa5f9a4e08b58debf97c302a35714f6f45e35139c332e32"},
    {file = "tornado-6.1-cp35-cp35m-manylinux1_i686.whl", hash = "sha256:0d321a39c36e5f2c4ff12b4ed58d41390460f798422c4504e09eb5678e09998c"},
    {file = "tornado-6.1-cp35-cp35m-manylinux1_x86_64.whl", hash = "sha256:9de9e5188a782be6b1ce866e8a51bc76a0fbaa0e16613823fc38e4fc2556ad05"},
    {file = "tornado-6.1-cp35-cp35m-manylinux2010_i686.whl", hash = "sha256:61b32d06ae8a036a6607805e6720ef00a3c98207038444ba7fd3d169cd998910"},
    {file = "tornado-6.1-cp35-cp35m-manylinux2010_x86_64.whl", hash = "sha256:3e63498f680547ed24d2c71e6497f24bca791aca2fe116dbc2bd0ac7f191691b"},
    {file = "tornado-6.1-cp35-cp35m-manylinux2014_aarch64.whl", hash = "sha256:6c77c9937962577a6a76917845d06af6ab9197702a42e1346d8ae2e76b5e3675"},
    {file = "tornado-6.1-cp35-cp35m-win32.whl", hash = "sha256:6286efab1ed6e74b7028327365cf7346b1d777d63ab30e21a0f4d5b275fc17d5"},
    {file = "tornado-6.1-cp35-cp35m-win_amd64.whl", hash = "sha256:fa2ba70284fa42c2a5ecb35e322e68823288a4251f9ba9cc77be04ae15eada68"},
    {file = "tornado-6.1-cp36-cp36m-macosx_10_9_x86_64.whl", hash = "sha256:0a00ff4561e2929a2c37ce706cb8233b7907e0cdc22eab98888aca5dd3775feb"},
    {file = "tornado-6.1-cp36-cp36m-manylinux1_i686.whl", hash = "sha256:748290bf9112b581c525e6e6d3820621ff020ed95af6f17fedef416b27ed564c"},
    {file = "tornado-6.1-cp36-cp36m-manylinux1_x86_64.whl", hash = "sha256:e385b637ac3acaae8022e7e47dfa7b83d3620e432e3ecb9a3f7f58f150e50921"},
    {file = "tornado-6.1-cp36-cp36m-manylinux2010_i686.whl", hash = "sha256:25ad220258349a12ae87ede08a7b04aca51237721f63b1808d39bdb4b2164558"},
    {file = "tornado-6.1-cp36-cp36m-manylinux2010_x86_64.whl", hash = "sha256:65d98939f1a2e74b58839f8c4dab3b6b3c1ce84972ae712be02845e65391ac7c"},
    {file = "tornado-6.1-cp36-cp36m-manylinux2014_aarch64.whl", hash = "sha256:e519d64089b0876c7b467274468709dadf11e41d65f63bba207e04217f47c085"},
    {file = "tornado-6.1-cp36-cp36m-win32.whl", hash = "sha256:b87936fd2c317b6ee08a5741ea06b9d11a6074ef4cc42e031bc6403f82a32575"},
    {file = "tornado-6.1-cp36-cp36m-win_amd64.whl", hash = "sha256:cc0ee35043162abbf717b7df924597ade8e5395e7b66d18270116f8745ceb795"},
    {file = "tornado-6.1-cp37-cp37m-macosx_10_9_x86_64.whl", hash = "sha256:7250a3fa399f08ec9cb3f7b1b987955d17e044f1ade821b32e5f435130250d7f"},
    {file = "tornado-6.1-cp37-cp37m-manylinux1_i686.whl", hash = "sha256:ed3ad863b1b40cd1d4bd21e7498329ccaece75db5a5bf58cd3c9f130843e7102"},
    {file = "tornado-6.1-cp37-cp37m-manylinux1_x86_64.whl", hash = "sha256:dcef026f608f678c118779cd6591c8af6e9b4155c44e0d1bc0c87c036fb8c8c4"},
    {file = "tornado-6.1-cp37-cp37m-manylinux2010_i686.whl", hash = "sha256:70dec29e8ac485dbf57481baee40781c63e381bebea080991893cd297742b8fd"},
    {file = "tornado-6.1-cp37-cp37m-manylinux2010_x86_64.whl", hash = "sha256:d3f7594930c423fd9f5d1a76bee85a2c36fd8b4b16921cae7e965f22575e9c01"},
    {file = "tornado-6.1-cp37-cp37m-manylinux2014_aarch64.whl", hash = "sha256:3447475585bae2e77ecb832fc0300c3695516a47d46cefa0528181a34c5b9d3d"},
    {file = "tornado-6.1-cp37-cp37m-win32.whl", hash = "sha256:e7229e60ac41a1202444497ddde70a48d33909e484f96eb0da9baf8dc68541df"},
    {file = "tornado-6.1-cp37-cp37m-win_amd64.whl", hash = "sha256:cb5ec8eead331e3bb4ce8066cf06d2dfef1bfb1b2a73082dfe8a161301b76e37"},
    {file = "tornado-6.1-cp38-cp38-macosx_10_9_x86_64.whl", hash = "sha256:20241b3cb4f425e971cb0a8e4ffc9b0a861530ae3c52f2b0434e6c1b57e9fd95"},
    {file = "tornado-6.1-cp38-cp38-manylinux1_i686.whl", hash = "sha256:c77da1263aa361938476f04c4b6c8916001b90b2c2fdd92d8d535e1af48fba5a"},
    {file = "tornado-6.1-cp38-cp38-manylinux1_x86_64.whl", hash = "sha256:fba85b6cd9c39be262fcd23865652920832b61583de2a2ca907dbd8e8a8c81e5"},
    {file = "tornado-6.1-cp38-cp38-manylinux2010_i686.whl", hash = "sha256:1e8225a1070cd8eec59a996c43229fe8f95689cb16e552d130b9793cb570a288"},
    {file = "tornado-6.1-cp38-cp38-manylinux2010_x86_64.whl", hash = "sha256:d14d30e7f46a0476efb0deb5b61343b1526f73ebb5ed84f23dc794bdb88f9d9f"},
    {file = "tornado-6.1-cp38-cp38-manylinux2014_aarch64.whl", hash = "sha256:8f959b26f2634a091bb42241c3ed8d3cedb506e7c27b8dd5c7b9f745318ddbb6"},
    {file = "tornado-6.1-cp38-cp38-win32.whl", hash = "sha256:34ca2dac9e4d7afb0bed4677512e36a52f09caa6fded70b4e3e1c89dbd92c326"},
    {file = "tornado-6.1-cp38-cp38-win_amd64.whl", hash = "sha256:6196a5c39286cc37c024cd78834fb9345e464525d8991c21e908cc046d1cc02c"},
    {file = "tornado-6.1-cp39-cp39-macosx_10_9_x86_64.whl", hash = "sha256:f0ba29bafd8e7e22920567ce0d232c26d4d47c8b5cf4ed7b562b5db39fa199c5"},
    {file = "tornado-6.1-cp39-cp39-manylinux1_i686.whl", hash = "sha256:33892118b165401f291070100d6d09359ca74addda679b60390b09f8ef325ffe"},
    {file = "tornado-6.1-cp39-cp39-manylinux1_x86_64.whl", hash = "sha256:7da13da6f985aab7f6f28debab00c67ff9cbacd588e8477034c0652ac141feea"},
    {file = "tornado-6.1-cp39-cp39-manylinux2010_i686.whl", hash = "sha256:e0791ac58d91ac58f694d8d2957884df8e4e2f6687cdf367ef7eb7497f79eaa2"},
    {file = "tornado-6.1-cp39-cp39-manylinux2010_x86_64.whl", hash = "sha256:66324e4e1beede9ac79e60f88de548da58b1f8ab4b2f1354d8375774f997e6c0"},
    {file = "tornado-6.1-cp39-cp39-manylinux2014_aarch64.whl", hash = "sha256:a48900ecea1cbb71b8c71c620dee15b62f85f7c14189bdeee54966fbd9a0c5bd"},
    {file = "tornado-6.1-cp39-cp39-win32.whl", hash = "sha256:d3d20ea5782ba63ed13bc2b8c291a053c8d807a8fa927d941bd718468f7b950c"},
    {file = "tornado-6.1-cp39-cp39-win_amd64.whl", hash = "sha256:548430be2740e327b3fe0201abe471f314741efcb0067ec4f2d7dcfb4825f3e4"},
    {file = "tornado-6.1.tar.gz", hash = "sha256:33c6e81d7bd55b468d2e793517c909b139960b6c790a60b7991b9b6b76fb9791"},
]
tqdm = []
traitlets = []
typer = [
    {file = "typer-0.3.2-py3-none-any.whl", hash = "sha256:ba58b920ce851b12a2d790143009fa00ac1d05b3ff3257061ff69dbdfc3d161b"},
    {file = "typer-0.3.2.tar.gz", hash = "sha256:5455d750122cff96745b0dec87368f56d023725a7ebc9d2e54dd23dc86816303"},
]
typing-extensions = []
urllib3 = []
wcwidth = []
zict = []
